
Microsoft Visual Studio Solution File, Format Version 12.00
# Visual Studio Version 17
VisualStudioVersion = 17.0.32112.339
MinimumVisualStudioVersion = 10.0.40219.1
Project("{9A19103F-16F7-4668-BE54-9A1E7A4F7556}") = "NedraStreamSamsonovLev", "NedraStreamSamsonovLev\NedraStreamSamsonovLev.csproj", "{92CD1588-31E3-4660-AD7D-A235CD6899F1}"
EndProject
Project("{FAE04EC0-301F-11D3-BF4B-00C04F79EFBC}") = "NedraStreamSamsonovLev.Test", "NedraStreamSamsonovLev.Test\NedraStreamSamsonovLev.Test.csproj", "{59DB57BE-E65B-496E-93F2-02343271373F}"
EndProject
Global
	GlobalSection(SolutionConfigurationPlatforms) = preSolution
		Debug|Any CPU = Debug|Any CPU
		Release|Any CPU = Release|Any CPU
	EndGlobalSection
	GlobalSection(ProjectConfigurationPlatforms) = postSolution
		{92CD1588-31E3-4660-AD7D-A235CD6899F1}.Debug|Any CPU.ActiveCfg = Debug|Any CPU
		{92CD1588-31E3-4660-AD7D-A235CD6899F1}.Debug|Any CPU.Build.0 = Debug|Any CPU
		{92CD1588-31E3-4660-AD7D-A235CD6899F1}.Release|Any CPU.ActiveCfg = Release|Any CPU
		{92CD1588-31E3-4660-AD7D-A235CD6899F1}.Release|Any CPU.Build.0 = Release|Any CPU
		{59DB57BE-E65B-496E-93F2-02343271373F}.Debug|Any CPU.ActiveCfg = Debug|Any CPU
		{59DB57BE-E65B-496E-93F2-02343271373F}.Debug|Any CPU.Build.0 = Debug|Any CPU
		{59DB57BE-E65B-496E-93F2-02343271373F}.Release|Any CPU.ActiveCfg = Release|Any CPU
		{59DB57BE-E65B-496E-93F2-02343271373F}.Release|Any CPU.Build.0 = Release|Any CPU
	EndGlobalSection
	GlobalSection(SolutionProperties) = preSolution
		HideSolutionNode = FALSE
	EndGlobalSection
	GlobalSection(ExtensibilityGlobals) = postSolution
		SolutionGuid = {6510B2AA-B0F9-43E0-8D54-7E71396BE056}
	EndGlobalSection
EndGlobal
